
Microsoft Visual Studio Solution File, Format Version 12.00
# Visual Studio Version 17
VisualStudioVersion = 17.3.32929.385
MinimumVisualStudioVersion = 10.0.40219.1
Project("{8BC9CEB8-8B4A-11D0-8D11-00A0C91BC942}") = "MultipleStreams", "MultipleStreams\MultipleStreams.vcxproj", "{085EA5C9-726D-469B-AAAD-7FC04917D86A}"
EndProject
Global
	GlobalSection(SolutionConfigurationPlatforms) = preSolution
		Debug|x64 = Debug|x64
		Debug|x86 = Debug|x86
		Release|x64 = Release|x64
		Release|x86 = Release|x86
	EndGlobalSection
	GlobalSection(ProjectConfigurationPlatforms) = postSolution
		{085EA5C9-726D-469B-AAAD-7FC04917D86A}.Debug|x64.ActiveCfg = Debug|x64
		{085EA5C9-726D-469B-AAAD-7FC04917D86A}.Debug|x64.Build.0 = Debug|x64
		{085EA5C9-726D-469B-AAAD-7FC04917D86A}.Debug|x86.ActiveCfg = Debug|Win32
		{085EA5C9-726D-469B-AAAD-7FC04917D86A}.Debug|x86.Build.0 = Debug|Win32
		{085EA5C9-726D-469B-AAAD-7FC04917D86A}.Release|x64.ActiveCfg = Release|x64
		{085EA5C9-726D-469B-AAAD-7FC04917D86A}.Release|x64.Build.0 = Release|x64
		{085EA5C9-726D-469B-AAAD-7FC04917D86A}.Release|x86.ActiveCfg = Release|Win32
		{085EA5C9-726D-469B-AAAD-7FC04917D86A}.Release|x86.Build.0 = Release|Win32
	EndGlobalSection
	GlobalSection(SolutionProperties) = preSolution
		HideSolutionNode = FALSE
	EndGlobalSection
	GlobalSection(ExtensibilityGlobals) = postSolution
		SolutionGuid = {753DB9B3-AC55-4E81-B7AF-9D4363A23570}
	EndGlobalSection
EndGlobal
